
Microsoft Visual Studio Solution File, Format Version 12.00
Project("{8BC9CEB8-8B4A-11D0-8D11-00A0C91BC942}") = "Productions_A4_A", "Productions_A4_A.vcxproj", "{AC0C30E3-8525-445C-8F15-89A471F32948}"
EndProject
Global
	GlobalSection(SolutionConfigurationPlatforms) = preSolution
		Debug|Win32 = Debug|Win32
		Debug|x64 = Debug|x64
		Release|Win32 = Release|Win32
		Release|x64 = Release|x64
	EndGlobalSection
	GlobalSection(ProjectConfigurationPlatforms) = postSolution
		{AC0C30E3-8525-445C-8F15-89A471F32948}.Debug|Win32.ActiveCfg = Debug|Win32
		{AC0C30E3-8525-445C-8F15-89A471F32948}.Debug|Win32.Build.0 = Debug|Win32
		{AC0C30E3-8525-445C-8F15-89A471F32948}.Debug|x64.ActiveCfg = Debug|x64
		{AC0C30E3-8525-445C-8F15-89A471F32948}.Debug|x64.Build.0 = Debug|x64
		{AC0C30E3-8525-445C-8F15-89A471F32948}.Release|Win32.ActiveCfg = Release|Win32
		{AC0C30E3-8525-445C-8F15-89A471F32948}.Release|Win32.Build.0 = Release|Win32
		{AC0C30E3-8525-445C-8F15-89A471F32948}.Release|x64.ActiveCfg = Release|x64
		{AC0C30E3-8525-445C-8F15-89A471F32948}.Release|x64.Build.0 = Release|x64
	EndGlobalSection
EndGlobal
